
Microsoft Visual Studio Solution File, Format Version 12.00
# Visual Studio Version 16
VisualStudioVersion = 16.0.30309.148
MinimumVisualStudioVersion = 10.0.40219.1
Project("{FAE04EC0-301F-11D3-BF4B-00C04F79EFBC}") = "GamesStore_dal", "GamesStore_dal\GamesStore_dal.csproj", "{3C6DDE6C-5E91-446F-B1CF-C4930976BE03}"
EndProject
Project("{FAE04EC0-301F-11D3-BF4B-00C04F79EFBC}") = "GamesStore_dll", "GamesStore_dll\GamesStore_dll.csproj", "{423E17D4-882E-4040-AAE5-1507CC293CC3}"
EndProject
Project("{FAE04EC0-301F-11D3-BF4B-00C04F79EFBC}") = "GamesStore_client", "GamesStore_client\GamesStore_client.csproj", "{C253AB69-0CBD-4DDE-9D50-5FD8B452798F}"
EndProject
Global
	GlobalSection(SolutionConfigurationPlatforms) = preSolution
		Debug|Any CPU = Debug|Any CPU
		Release|Any CPU = Release|Any CPU
	EndGlobalSection
	GlobalSection(ProjectConfigurationPlatforms) = postSolution
		{3C6DDE6C-5E91-446F-B1CF-C4930976BE03}.Debug|Any CPU.ActiveCfg = Debug|Any CPU
		{3C6DDE6C-5E91-446F-B1CF-C4930976BE03}.Debug|Any CPU.Build.0 = Debug|Any CPU
		{3C6DDE6C-5E91-446F-B1CF-C4930976BE03}.Release|Any CPU.ActiveCfg = Release|Any CPU
		{3C6DDE6C-5E91-446F-B1CF-C4930976BE03}.Release|Any CPU.Build.0 = Release|Any CPU
		{423E17D4-882E-4040-AAE5-1507CC293CC3}.Debug|Any CPU.ActiveCfg = Debug|Any CPU
		{423E17D4-882E-4040-AAE5-1507CC293CC3}.Debug|Any CPU.Build.0 = Debug|Any CPU
		{423E17D4-882E-4040-AAE5-1507CC293CC3}.Release|Any CPU.ActiveCfg = Release|Any CPU
		{423E17D4-882E-4040-AAE5-1507CC293CC3}.Release|Any CPU.Build.0 = Release|Any CPU
		{C253AB69-0CBD-4DDE-9D50-5FD8B452798F}.Debug|Any CPU.ActiveCfg = Debug|Any CPU
		{C253AB69-0CBD-4DDE-9D50-5FD8B452798F}.Debug|Any CPU.Build.0 = Debug|Any CPU
		{C253AB69-0CBD-4DDE-9D50-5FD8B452798F}.Release|Any CPU.ActiveCfg = Release|Any CPU
		{C253AB69-0CBD-4DDE-9D50-5FD8B452798F}.Release|Any CPU.Build.0 = Release|Any CPU
	EndGlobalSection
	GlobalSection(SolutionProperties) = preSolution
		HideSolutionNode = FALSE
	EndGlobalSection
	GlobalSection(ExtensibilityGlobals) = postSolution
		SolutionGuid = {3DD5B3E5-3A2B-431D-A6FC-7054846376C8}
	EndGlobalSection
EndGlobal
