
Microsoft Visual Studio Solution File, Format Version 12.00
# Visual Studio Version 16
VisualStudioVersion = 16.0.30309.148
MinimumVisualStudioVersion = 10.0.40219.1
Project("{FAE04EC0-301F-11D3-BF4B-00C04F79EFBC}") = "GamesStore_bll", "GamesStore_bll\GamesStore_bll.csproj", "{B2F9C1F2-6B5C-4AD3-A258-B1A099E26ACB}"
EndProject
Project("{FAE04EC0-301F-11D3-BF4B-00C04F79EFBC}") = "GamesStore_dal", "GamesStore_dal\GamesStore_dal.csproj", "{5E2BB501-DBB0-4A20-A310-D938C55644D1}"
EndProject
Project("{FAE04EC0-301F-11D3-BF4B-00C04F79EFBC}") = "GameesStore_client", "GameesStore_client\GameesStore_client.csproj", "{74322E54-7FB4-48B9-BE72-AE8D3F8D46E3}"
EndProject
Global
	GlobalSection(SolutionConfigurationPlatforms) = preSolution
		Debug|Any CPU = Debug|Any CPU
		Release|Any CPU = Release|Any CPU
	EndGlobalSection
	GlobalSection(ProjectConfigurationPlatforms) = postSolution
		{B2F9C1F2-6B5C-4AD3-A258-B1A099E26ACB}.Debug|Any CPU.ActiveCfg = Debug|Any CPU
		{B2F9C1F2-6B5C-4AD3-A258-B1A099E26ACB}.Debug|Any CPU.Build.0 = Debug|Any CPU
		{B2F9C1F2-6B5C-4AD3-A258-B1A099E26ACB}.Release|Any CPU.ActiveCfg = Release|Any CPU
		{B2F9C1F2-6B5C-4AD3-A258-B1A099E26ACB}.Release|Any CPU.Build.0 = Release|Any CPU
		{5E2BB501-DBB0-4A20-A310-D938C55644D1}.Debug|Any CPU.ActiveCfg = Debug|Any CPU
		{5E2BB501-DBB0-4A20-A310-D938C55644D1}.Debug|Any CPU.Build.0 = Debug|Any CPU
		{5E2BB501-DBB0-4A20-A310-D938C55644D1}.Release|Any CPU.ActiveCfg = Release|Any CPU
		{5E2BB501-DBB0-4A20-A310-D938C55644D1}.Release|Any CPU.Build.0 = Release|Any CPU
		{74322E54-7FB4-48B9-BE72-AE8D3F8D46E3}.Debug|Any CPU.ActiveCfg = Debug|Any CPU
		{74322E54-7FB4-48B9-BE72-AE8D3F8D46E3}.Debug|Any CPU.Build.0 = Debug|Any CPU
		{74322E54-7FB4-48B9-BE72-AE8D3F8D46E3}.Release|Any CPU.ActiveCfg = Release|Any CPU
		{74322E54-7FB4-48B9-BE72-AE8D3F8D46E3}.Release|Any CPU.Build.0 = Release|Any CPU
	EndGlobalSection
	GlobalSection(SolutionProperties) = preSolution
		HideSolutionNode = FALSE
	EndGlobalSection
	GlobalSection(ExtensibilityGlobals) = postSolution
		SolutionGuid = {37F51ACC-8757-45C2-B932-802718B0E1D5}
	EndGlobalSection
EndGlobal
